
Microsoft Visual Studio Solution File, Format Version 10.00
# Visual Studio 2008
Project("{FAE04EC0-301F-11D3-BF4B-00C04F79EFBC}") = "EncryptAesByPassPhrase", "EncryptAesByPassPhrase\EncryptAesByPassPhrase.csproj", "{B7264AC5-9018-4EFD-8A0C-22D627FE5A9B}"
EndProject
Global
	GlobalSection(SolutionConfigurationPlatforms) = preSolution
		Debug|Any CPU = Debug|Any CPU
		Release|Any CPU = Release|Any CPU
	EndGlobalSection
	GlobalSection(ProjectConfigurationPlatforms) = postSolution
		{B7264AC5-9018-4EFD-8A0C-22D627FE5A9B}.Debug|Any CPU.ActiveCfg = Debug|Any CPU
		{B7264AC5-9018-4EFD-8A0C-22D627FE5A9B}.Debug|Any CPU.Build.0 = Debug|Any CPU
		{B7264AC5-9018-4EFD-8A0C-22D627FE5A9B}.Debug|Any CPU.Deploy.0 = Debug|Any CPU
		{B7264AC5-9018-4EFD-8A0C-22D627FE5A9B}.Release|Any CPU.ActiveCfg = Release|Any CPU
		{B7264AC5-9018-4EFD-8A0C-22D627FE5A9B}.Release|Any CPU.Build.0 = Release|Any CPU
		{B7264AC5-9018-4EFD-8A0C-22D627FE5A9B}.Release|Any CPU.Deploy.0 = Release|Any CPU
	EndGlobalSection
	GlobalSection(SolutionProperties) = preSolution
		HideSolutionNode = FALSE
	EndGlobalSection
EndGlobal
